
Microsoft Visual Studio Solution File, Format Version 12.00
# Visual Studio 15
VisualStudioVersion = 15.0.28307.106
MinimumVisualStudioVersion = 10.0.40219.1
Project("{9A19103F-16F7-4668-BE54-9A1E7A4F7556}") = "OpenWeatherApp.API", "OpenWeatherApp\OpenWeatherApp.API\OpenWeatherApp.API.csproj", "{E28861AA-64AE-4097-A563-5D67A6346141}"
EndProject
Project("{9A19103F-16F7-4668-BE54-9A1E7A4F7556}") = "OpenWeatherApp.Core", "OpenWeatherApp\OpenWeatherApp.Core\OpenWeatherApp.Core.csproj", "{C75CE57F-B1B3-40CC-B905-46FA1757D141}"
EndProject
Project("{FAE04EC0-301F-11D3-BF4B-00C04F79EFBC}") = "OpenWeatherApp.iOS", "OpenWeatherApp\OpenWeatherApp.iOS\OpenWeatherApp.iOS.csproj", "{80A96B52-6758-4BDB-B0B4-CEA4CA155C60}"
EndProject
Project("{FAE04EC0-301F-11D3-BF4B-00C04F79EFBC}") = "OpenWeatherApp.Droid", "OpenWeatherApp\OpenWeatherApp.Droid\OpenWeatherApp.Droid.csproj", "{3BC0AC7E-3B3B-4D3F-9CC0-B2BDECC460A6}"
EndProject
Project("{2150E333-8FDC-42A3-9474-1A3956D46DE8}") = "Tests", "Tests", "{A746BA54-D51C-49AB-85B9-8B723F7CDA54}"
EndProject
Project("{2150E333-8FDC-42A3-9474-1A3956D46DE8}") = "OpenWeatherApp", "OpenWeatherApp", "{443C79A4-AAD1-4CD8-9830-3904F75BD11B}"
EndProject
Project("{9A19103F-16F7-4668-BE54-9A1E7A4F7556}") = "OpenWeatherApp.UnitTests", "OpenWeatherApp\OpenWeatherApp.UnitTests\OpenWeatherApp.UnitTests.csproj", "{3E24C633-DFCA-417C-A686-C360B1F5DDC7}"
EndProject
Project("{2150E333-8FDC-42A3-9474-1A3956D46DE8}") = "Core", "Core", "{0F35EF9A-4FAC-4F0B-B825-4E0A51A75B74}"
EndProject
Project("{2150E333-8FDC-42A3-9474-1A3956D46DE8}") = "Native", "Native", "{8A68F02D-8818-42C6-BB91-F11514466AF8}"
EndProject
Global
	GlobalSection(SolutionConfigurationPlatforms) = preSolution
		Debug|Any CPU = Debug|Any CPU
		Debug|iPhone = Debug|iPhone
		Debug|iPhoneSimulator = Debug|iPhoneSimulator
		Release|Any CPU = Release|Any CPU
		Release|iPhone = Release|iPhone
		Release|iPhoneSimulator = Release|iPhoneSimulator
	EndGlobalSection
	GlobalSection(ProjectConfigurationPlatforms) = postSolution
		{E28861AA-64AE-4097-A563-5D67A6346141}.Debug|Any CPU.ActiveCfg = Debug|Any CPU
		{E28861AA-64AE-4097-A563-5D67A6346141}.Debug|Any CPU.Build.0 = Debug|Any CPU
		{E28861AA-64AE-4097-A563-5D67A6346141}.Debug|iPhone.ActiveCfg = Debug|Any CPU
		{E28861AA-64AE-4097-A563-5D67A6346141}.Debug|iPhone.Build.0 = Debug|Any CPU
		{E28861AA-64AE-4097-A563-5D67A6346141}.Debug|iPhoneSimulator.ActiveCfg = Debug|Any CPU
		{E28861AA-64AE-4097-A563-5D67A6346141}.Debug|iPhoneSimulator.Build.0 = Debug|Any CPU
		{E28861AA-64AE-4097-A563-5D67A6346141}.Release|Any CPU.ActiveCfg = Release|Any CPU
		{E28861AA-64AE-4097-A563-5D67A6346141}.Release|Any CPU.Build.0 = Release|Any CPU
		{E28861AA-64AE-4097-A563-5D67A6346141}.Release|iPhone.ActiveCfg = Release|Any CPU
		{E28861AA-64AE-4097-A563-5D67A6346141}.Release|iPhone.Build.0 = Release|Any CPU
		{E28861AA-64AE-4097-A563-5D67A6346141}.Release|iPhoneSimulator.ActiveCfg = Release|Any CPU
		{E28861AA-64AE-4097-A563-5D67A6346141}.Release|iPhoneSimulator.Build.0 = Release|Any CPU
		{C75CE57F-B1B3-40CC-B905-46FA1757D141}.Debug|Any CPU.ActiveCfg = Debug|Any CPU
		{C75CE57F-B1B3-40CC-B905-46FA1757D141}.Debug|Any CPU.Build.0 = Debug|Any CPU
		{C75CE57F-B1B3-40CC-B905-46FA1757D141}.Debug|iPhone.ActiveCfg = Debug|Any CPU
		{C75CE57F-B1B3-40CC-B905-46FA1757D141}.Debug|iPhone.Build.0 = Debug|Any CPU
		{C75CE57F-B1B3-40CC-B905-46FA1757D141}.Debug|iPhoneSimulator.ActiveCfg = Debug|Any CPU
		{C75CE57F-B1B3-40CC-B905-46FA1757D141}.Debug|iPhoneSimulator.Build.0 = Debug|Any CPU
		{C75CE57F-B1B3-40CC-B905-46FA1757D141}.Release|Any CPU.ActiveCfg = Release|Any CPU
		{C75CE57F-B1B3-40CC-B905-46FA1757D141}.Release|Any CPU.Build.0 = Release|Any CPU
		{C75CE57F-B1B3-40CC-B905-46FA1757D141}.Release|iPhone.ActiveCfg = Release|Any CPU
		{C75CE57F-B1B3-40CC-B905-46FA1757D141}.Release|iPhone.Build.0 = Release|Any CPU
		{C75CE57F-B1B3-40CC-B905-46FA1757D141}.Release|iPhoneSimulator.ActiveCfg = Release|Any CPU
		{C75CE57F-B1B3-40CC-B905-46FA1757D141}.Release|iPhoneSimulator.Build.0 = Release|Any CPU
		{80A96B52-6758-4BDB-B0B4-CEA4CA155C60}.Debug|Any CPU.ActiveCfg = Debug|iPhone
		{80A96B52-6758-4BDB-B0B4-CEA4CA155C60}.Debug|iPhone.ActiveCfg = Debug|iPhone
		{80A96B52-6758-4BDB-B0B4-CEA4CA155C60}.Debug|iPhone.Build.0 = Debug|iPhone
		{80A96B52-6758-4BDB-B0B4-CEA4CA155C60}.Debug|iPhoneSimulator.ActiveCfg = Debug|iPhoneSimulator
		{80A96B52-6758-4BDB-B0B4-CEA4CA155C60}.Debug|iPhoneSimulator.Build.0 = Debug|iPhoneSimulator
		{80A96B52-6758-4BDB-B0B4-CEA4CA155C60}.Release|Any CPU.ActiveCfg = Release|iPhone
		{80A96B52-6758-4BDB-B0B4-CEA4CA155C60}.Release|iPhone.ActiveCfg = Release|iPhone
		{80A96B52-6758-4BDB-B0B4-CEA4CA155C60}.Release|iPhone.Build.0 = Release|iPhone
		{80A96B52-6758-4BDB-B0B4-CEA4CA155C60}.Release|iPhoneSimulator.ActiveCfg = Release|iPhoneSimulator
		{80A96B52-6758-4BDB-B0B4-CEA4CA155C60}.Release|iPhoneSimulator.Build.0 = Release|iPhoneSimulator
		{3BC0AC7E-3B3B-4D3F-9CC0-B2BDECC460A6}.Debug|Any CPU.ActiveCfg = Debug|Any CPU
		{3BC0AC7E-3B3B-4D3F-9CC0-B2BDECC460A6}.Debug|Any CPU.Build.0 = Debug|Any CPU
		{3BC0AC7E-3B3B-4D3F-9CC0-B2BDECC460A6}.Debug|Any CPU.Deploy.0 = Debug|Any CPU
		{3BC0AC7E-3B3B-4D3F-9CC0-B2BDECC460A6}.Debug|iPhone.ActiveCfg = Debug|Any CPU
		{3BC0AC7E-3B3B-4D3F-9CC0-B2BDECC460A6}.Debug|iPhone.Build.0 = Debug|Any CPU
		{3BC0AC7E-3B3B-4D3F-9CC0-B2BDECC460A6}.Debug|iPhone.Deploy.0 = Debug|Any CPU
		{3BC0AC7E-3B3B-4D3F-9CC0-B2BDECC460A6}.Debug|iPhoneSimulator.ActiveCfg = Debug|Any CPU
		{3BC0AC7E-3B3B-4D3F-9CC0-B2BDECC460A6}.Debug|iPhoneSimulator.Build.0 = Debug|Any CPU
		{3BC0AC7E-3B3B-4D3F-9CC0-B2BDECC460A6}.Debug|iPhoneSimulator.Deploy.0 = Debug|Any CPU
		{3BC0AC7E-3B3B-4D3F-9CC0-B2BDECC460A6}.Release|Any CPU.ActiveCfg = Release|Any CPU
		{3BC0AC7E-3B3B-4D3F-9CC0-B2BDECC460A6}.Release|Any CPU.Build.0 = Release|Any CPU
		{3BC0AC7E-3B3B-4D3F-9CC0-B2BDECC460A6}.Release|Any CPU.Deploy.0 = Release|Any CPU
		{3BC0AC7E-3B3B-4D3F-9CC0-B2BDECC460A6}.Release|iPhone.ActiveCfg = Release|Any CPU
		{3BC0AC7E-3B3B-4D3F-9CC0-B2BDECC460A6}.Release|iPhone.Build.0 = Release|Any CPU
		{3BC0AC7E-3B3B-4D3F-9CC0-B2BDECC460A6}.Release|iPhone.Deploy.0 = Release|Any CPU
		{3BC0AC7E-3B3B-4D3F-9CC0-B2BDECC460A6}.Release|iPhoneSimulator.ActiveCfg = Release|Any CPU
		{3BC0AC7E-3B3B-4D3F-9CC0-B2BDECC460A6}.Release|iPhoneSimulator.Build.0 = Release|Any CPU
		{3BC0AC7E-3B3B-4D3F-9CC0-B2BDECC460A6}.Release|iPhoneSimulator.Deploy.0 = Release|Any CPU
		{3E24C633-DFCA-417C-A686-C360B1F5DDC7}.Debug|Any CPU.ActiveCfg = Debug|Any CPU
		{3E24C633-DFCA-417C-A686-C360B1F5DDC7}.Debug|Any CPU.Build.0 = Debug|Any CPU
		{3E24C633-DFCA-417C-A686-C360B1F5DDC7}.Debug|iPhone.ActiveCfg = Debug|Any CPU
		{3E24C633-DFCA-417C-A686-C360B1F5DDC7}.Debug|iPhone.Build.0 = Debug|Any CPU
		{3E24C633-DFCA-417C-A686-C360B1F5DDC7}.Debug|iPhoneSimulator.ActiveCfg = Debug|Any CPU
		{3E24C633-DFCA-417C-A686-C360B1F5DDC7}.Debug|iPhoneSimulator.Build.0 = Debug|Any CPU
		{3E24C633-DFCA-417C-A686-C360B1F5DDC7}.Release|Any CPU.ActiveCfg = Release|Any CPU
		{3E24C633-DFCA-417C-A686-C360B1F5DDC7}.Release|Any CPU.Build.0 = Release|Any CPU
		{3E24C633-DFCA-417C-A686-C360B1F5DDC7}.Release|iPhone.ActiveCfg = Release|Any CPU
		{3E24C633-DFCA-417C-A686-C360B1F5DDC7}.Release|iPhone.Build.0 = Release|Any CPU
		{3E24C633-DFCA-417C-A686-C360B1F5DDC7}.Release|iPhoneSimulator.ActiveCfg = Release|Any CPU
		{3E24C633-DFCA-417C-A686-C360B1F5DDC7}.Release|iPhoneSimulator.Build.0 = Release|Any CPU
	EndGlobalSection
	GlobalSection(SolutionProperties) = preSolution
		HideSolutionNode = FALSE
	EndGlobalSection
	GlobalSection(NestedProjects) = preSolution
		{E28861AA-64AE-4097-A563-5D67A6346141} = {0F35EF9A-4FAC-4F0B-B825-4E0A51A75B74}
		{C75CE57F-B1B3-40CC-B905-46FA1757D141} = {0F35EF9A-4FAC-4F0B-B825-4E0A51A75B74}
		{80A96B52-6758-4BDB-B0B4-CEA4CA155C60} = {8A68F02D-8818-42C6-BB91-F11514466AF8}
		{3BC0AC7E-3B3B-4D3F-9CC0-B2BDECC460A6} = {8A68F02D-8818-42C6-BB91-F11514466AF8}
		{3E24C633-DFCA-417C-A686-C360B1F5DDC7} = {A746BA54-D51C-49AB-85B9-8B723F7CDA54}
		{0F35EF9A-4FAC-4F0B-B825-4E0A51A75B74} = {443C79A4-AAD1-4CD8-9830-3904F75BD11B}
		{8A68F02D-8818-42C6-BB91-F11514466AF8} = {443C79A4-AAD1-4CD8-9830-3904F75BD11B}
	EndGlobalSection
	GlobalSection(ExtensibilityGlobals) = postSolution
		SolutionGuid = {09741783-CC58-423B-9C5D-FBF8ED742406}
	EndGlobalSection
EndGlobal
